// !$*UTF8*$!
{
	archiveVersion = 1;
	classes = {
	};
	objectVersion = 50;
	objects = {

/* Begin PBXBuildFile section */
		768803FB26593A20000DBF13 /* AppDelegate.swift in Sources */ = {isa = PBXBuildFile; fileRef = 768803FA26593A20000DBF13 /* AppDelegate.swift */; };
		768803FD26593A20000DBF13 /* SceneDelegate.swift in Sources */ = {isa = PBXBuildFile; fileRef = 768803FC26593A20000DBF13 /* SceneDelegate.swift */; };
		768803FF26593A20000DBF13 /* ViewController.swift in Sources */ = {isa = PBXBuildFile; fileRef = 768803FE26593A20000DBF13 /* ViewController.swift */; };
		7688040226593A20000DBF13 /* Main.storyboard in Resources */ = {isa = PBXBuildFile; fileRef = 7688040026593A20000DBF13 /* Main.storyboard */; };
		7688040526593A20000DBF13 /* EbbinghausPlanner.xcdatamodeld in Sources */ = {isa = PBXBuildFile; fileRef = 7688040326593A20000DBF13 /* EbbinghausPlanner.xcdatamodeld */; };
		7688040726593A22000DBF13 /* Assets.xcassets in Resources */ = {isa = PBXBuildFile; fileRef = 7688040626593A22000DBF13 /* Assets.xcassets */; };
		7688040A26593A22000DBF13 /* LaunchScreen.storyboard in Resources */ = {isa = PBXBuildFile; fileRef = 7688040826593A22000DBF13 /* LaunchScreen.storyboard */; };
		7688041526593A22000DBF13 /* EbbinghausPlannerTests.swift in Sources */ = {isa = PBXBuildFile; fileRef = 7688041426593A22000DBF13 /* EbbinghausPlannerTests.swift */; };
		7688042026593A22000DBF13 /* EbbinghausPlannerUITests.swift in Sources */ = {isa = PBXBuildFile; fileRef = 7688041F26593A22000DBF13 /* EbbinghausPlannerUITests.swift */; };
/* End PBXBuildFile section */

/* Begin PBXContainerItemProxy section */
		7688041126593A22000DBF13 /* PBXContainerItemProxy */ = {
			isa = PBXContainerItemProxy;
			containerPortal = 768803EF26593A20000DBF13 /* Project object */;
			proxyType = 1;
			remoteGlobalIDString = 768803F626593A20000DBF13;
			remoteInfo = EbbinghausPlanner;
		};
		7688041C26593A22000DBF13 /* PBXContainerItemProxy */ = {
			isa = PBXContainerItemProxy;
			containerPortal = 768803EF26593A20000DBF13 /* Project object */;
			proxyType = 1;
			remoteGlobalIDString = 768803F626593A20000DBF13;
			remoteInfo = EbbinghausPlanner;
		};
/* End PBXContainerItemProxy section */

/* Begin PBXFileReference section */
		768803F726593A20000DBF13 /* EbbinghausPlanner.app */ = {isa = PBXFileReference; explicitFileType = wrapper.application; includeInIndex = 0; path = EbbinghausPlanner.app; sourceTree = BUILT_PRODUCTS_DIR; };
		768803FA26593A20000DBF13 /* AppDelegate.swift */ = {isa = PBXFileReference; lastKnownFileType = sourcecode.swift; path = AppDelegate.swift; sourceTree = "<group>"; };
		768803FC26593A20000DBF13 /* SceneDelegate.swift */ = {isa = PBXFileReference; lastKnownFileType = sourcecode.swift; path = SceneDelegate.swift; sourceTree = "<group>"; };
		768803FE26593A20000DBF13 /* ViewController.swift */ = {isa = PBXFileReference; lastKnownFileType = sourcecode.swift; path = ViewController.swift; sourceTree = "<group>"; };
		7688040126593A20000DBF13 /* Base */ = {isa = PBXFileReference; lastKnownFileType = file.storyboard; name = Base; path = Base.lproj/Main.storyboard; sourceTree = "<group>"; };
		7688040426593A20000DBF13 /* EbbinghausPlanner.xcdatamodel */ = {isa = PBXFileReference; lastKnownFileType = wrapper.xcdatamodel; path = EbbinghausPlanner.xcdatamodel; sourceTree = "<group>"; };
		7688040626593A22000DBF13 /* Assets.xcassets */ = {isa = PBXFileReference; lastKnownFileType = folder.assetcatalog; path = Assets.xcassets; sourceTree = "<group>"; };
		7688040926593A22000DBF13 /* Base */ = {isa = PBXFileReference; lastKnownFileType = file.storyboard; name = Base; path = Base.lproj/LaunchScreen.storyboard; sourceTree = "<group>"; };
		7688040B26593A22000DBF13 /* Info.plist */ = {isa = PBXFileReference; lastKnownFileType = text.plist.xml; path = Info.plist; sourceTree = "<group>"; };
		7688041026593A22000DBF13 /* EbbinghausPlannerTests.xctest */ = {isa = PBXFileReference; explicitFileType = wrapper.cfbundle; includeInIndex = 0; path = EbbinghausPlannerTests.xctest; sourceTree = BUILT_PRODUCTS_DIR; };
		7688041426593A22000DBF13 /* EbbinghausPlannerTests.swift */ = {isa = PBXFileReference; lastKnownFileType = sourcecode.swift; path = EbbinghausPlannerTests.swift; sourceTree = "<group>"; };
		7688041626593A22000DBF13 /* Info.plist */ = {isa = PBXFileReference; lastKnownFileType = text.plist.xml; path = Info.plist; sourceTree = "<group>"; };
		7688041B26593A22000DBF13 /* EbbinghausPlannerUITests.xctest */ = {isa = PBXFileReference; explicitFileType = wrapper.cfbundle; includeInIndex = 0; path = EbbinghausPlannerUITests.xctest; sourceTree = BUILT_PRODUCTS_DIR; };
		7688041F26593A22000DBF13 /* EbbinghausPlannerUITests.swift */ = {isa = PBXFileReference; lastKnownFileType = sourcecode.swift; path = EbbinghausPlannerUITests.swift; sourceTree = "<group>"; };
		7688042126593A22000DBF13 /* Info.plist */ = {isa = PBXFileReference; lastKnownFileType = text.plist.xml; path = Info.plist; sourceTree = "<group>"; };
/* End PBXFileReference section */

/* Begin PBXFrameworksBuildPhase section */
		768803F426593A20000DBF13 /* Frameworks */ = {
			isa = PBXFrameworksBuildPhase;
			buildActionMask = 2147483647;
			files = (
			);
			runOnlyForDeploymentPostprocessing = 0;
		};
		7688040D26593A22000DBF13 /* Frameworks */ = {
			isa = PBXFrameworksBuildPhase;
			buildActionMask = 2147483647;
			files = (
			);
			runOnlyForDeploymentPostprocessing = 0;
		};
		7688041826593A22000DBF13 /* Frameworks */ = {
			isa = PBXFrameworksBuildPhase;
			buildActionMask = 2147483647;
			files = (
			);
			runOnlyForDeploymentPostprocessing = 0;
		};
/* End PBXFrameworksBuildPhase section */

/* Begin PBXGroup section */
		768803EE26593A20000DBF13 = {
			isa = PBXGroup;
			children = (
				768803F926593A20000DBF13 /* EbbinghausPlanner */,
				7688041326593A22000DBF13 /* EbbinghausPlannerTests */,
				7688041E26593A22000DBF13 /* EbbinghausPlannerUITests */,
				768803F826593A20000DBF13 /* Products */,
			);
			sourceTree = "<group>";
		};
		768803F826593A20000DBF13 /* Products */ = {
			isa = PBXGroup;
			children = (
				768803F726593A20000DBF13 /* EbbinghausPlanner.app */,
				7688041026593A22000DBF13 /* EbbinghausPlannerTests.xctest */,
				7688041B26593A22000DBF13 /* EbbinghausPlannerUITests.xctest */,
			);
			name = Products;
			sourceTree = "<group>";
		};
		768803F926593A20000DBF13 /* EbbinghausPlanner */ = {
			isa = PBXGroup;
			children = (
				768803FA26593A20000DBF13 /* AppDelegate.swift */,
				768803FC26593A20000DBF13 /* SceneDelegate.swift */,
				768803FE26593A20000DBF13 /* ViewController.swift */,
				7688040026593A20000DBF13 /* Main.storyboard */,
				7688040626593A22000DBF13 /* Assets.xcassets */,
				7688040826593A22000DBF13 /* LaunchScreen.storyboard */,
				7688040B26593A22000DBF13 /* Info.plist */,
				7688040326593A20000DBF13 /* EbbinghausPlanner.xcdatamodeld */,
			);
			path = EbbinghausPlanner;
			sourceTree = "<group>";
		};
		7688041326593A22000DBF13 /* EbbinghausPlannerTests */ = {
			isa = PBXGroup;
			children = (
				7688041426593A22000DBF13 /* EbbinghausPlannerTests.swift */,
				7688041626593A22000DBF13 /* Info.plist */,
			);
			path = EbbinghausPlannerTests;
			sourceTree = "<group>";
		};
		7688041E26593A22000DBF13 /* EbbinghausPlannerUITests */ = {
			isa = PBXGroup;
			children = (
				7688041F26593A22000DBF13 /* EbbinghausPlannerUITests.swift */,
				7688042126593A22000DBF13 /* Info.plist */,
			);
			path = EbbinghausPlannerUITests;
			sourceTree = "<group>";
		};
/* End PBXGroup section */

/* Begin PBXNativeTarget section */
		768803F626593A20000DBF13 /* EbbinghausPlanner */ = {
			isa = PBXNativeTarget;
			buildConfigurationList = 7688042426593A22000DBF13 /* Build configuration list for PBXNativeTarget "EbbinghausPlanner" */;
			buildPhases = (
				768803F326593A20000DBF13 /* Sources */,
				768803F426593A20000DBF13 /* Frameworks */,
				768803F526593A20000DBF13 /* Resources */,
			);
			buildRules = (
			);
			dependencies = (
			);
			name = EbbinghausPlanner;
			productName = EbbinghausPlanner;
			productReference = 768803F726593A20000DBF13 /* EbbinghausPlanner.app */;
			productType = "com.apple.product-type.application";
		};
		7688040F26593A22000DBF13 /* EbbinghausPlannerTests */ = {
			isa = PBXNativeTarget;
			buildConfigurationList = 7688042726593A22000DBF13 /* Build configuration list for PBXNativeTarget "EbbinghausPlannerTests" */;
			buildPhases = (
				7688040C26593A22000DBF13 /* Sources */,
				7688040D26593A22000DBF13 /* Frameworks */,
				7688040E26593A22000DBF13 /* Resources */,
			);
			buildRules = (
			);
			dependencies = (
				7688041226593A22000DBF13 /* PBXTargetDependency */,
			);
			name = EbbinghausPlannerTests;
			productName = EbbinghausPlannerTests;
			productReference = 7688041026593A22000DBF13 /* EbbinghausPlannerTests.xctest */;
			productType = "com.apple.product-type.bundle.unit-test";
		};
		7688041A26593A22000DBF13 /* EbbinghausPlannerUITests */ = {
			isa = PBXNativeTarget;
			buildConfigurationList = 7688042A26593A22000DBF13 /* Build configuration list for PBXNativeTarget "EbbinghausPlannerUITests" */;
			buildPhases = (
				7688041726593A22000DBF13 /* Sources */,
				7688041826593A22000DBF13 /* Frameworks */,
				7688041926593A22000DBF13 /* Resources */,
			);
			buildRules = (
			);
			dependencies = (
				7688041D26593A22000DBF13 /* PBXTargetDependency */,
			);
			name = EbbinghausPlannerUITests;
			productName = EbbinghausPlannerUITests;
			productReference = 7688041B26593A22000DBF13 /* EbbinghausPlannerUITests.xctest */;
			productType = "com.apple.product-type.bundle.ui-testing";
		};
/* End PBXNativeTarget section */

/* Begin PBXProject section */
		768803EF26593A20000DBF13 /* Project object */ = {
			isa = PBXProject;
			attributes = {
				LastSwiftUpdateCheck = 1250;
				LastUpgradeCheck = 1250;
				TargetAttributes = {
					768803F626593A20000DBF13 = {
						CreatedOnToolsVersion = 12.5;
					};
					7688040F26593A22000DBF13 = {
						CreatedOnToolsVersion = 12.5;
						TestTargetID = 768803F626593A20000DBF13;
					};
					7688041A26593A22000DBF13 = {
						CreatedOnToolsVersion = 12.5;
						TestTargetID = 768803F626593A20000DBF13;
					};
				};
			};
			buildConfigurationList = 768803F226593A20000DBF13 /* Build configuration list for PBXProject "EbbinghausPlanner" */;
			compatibilityVersion = "Xcode 9.3";
			developmentRegion = en;
			hasScannedForEncodings = 0;
			knownRegions = (
				en,
				Base,
			);
			mainGroup = 768803EE26593A20000DBF13;
			productRefGroup = 768803F826593A20000DBF13 /* Products */;
			projectDirPath = "";
			projectRoot = "";
			targets = (
				768803F626593A20000DBF13 /* EbbinghausPlanner */,
				7688040F26593A22000DBF13 /* EbbinghausPlannerTests */,
				7688041A26593A22000DBF13 /* EbbinghausPlannerUITests */,
			);
		};
/* End PBXProject section */

/* Begin PBXResourcesBuildPhase section */
		768803F526593A20000DBF13 /* Resources */ = {
			isa = PBXResourcesBuildPhase;
			buildActionMask = 2147483647;
			files = (
				7688040A26593A22000DBF13 /* LaunchScreen.storyboard in Resources */,
				7688040726593A22000DBF13 /* Assets.xcassets in Resources */,
				7688040226593A20000DBF13 /* Main.storyboard in Resources */,
			);
			runOnlyForDeploymentPostprocessing = 0;
		};
		7688040E26593A22000DBF13 /* Resources */ = {
			isa = PBXResourcesBuildPhase;
			buildActionMask = 2147483647;
			files = (
			);
			runOnlyForDeploymentPostprocessing = 0;
		};
		7688041926593A22000DBF13 /* Resources */ = {
			isa = PBXResourcesBuildPhase;
			buildActionMask = 2147483647;
			files = (
			);
			runOnlyForDeploymentPostprocessing = 0;
		};
/* End PBXResourcesBuildPhase section */

/* Begin PBXSourcesBuildPhase section */
		768803F326593A20000DBF13 /* Sources */ = {
			isa = PBXSourcesBuildPhase;
			buildActionMask = 2147483647;
			files = (
				768803FF26593A20000DBF13 /* ViewController.swift in Sources */,
				768803FB26593A20000DBF13 /* AppDelegate.swift in Sources */,
				7688040526593A20000DBF13 /* EbbinghausPlanner.xcdatamodeld in Sources */,
				768803FD26593A20000DBF13 /* SceneDelegate.swift in Sources */,
			);
			runOnlyForDeploymentPostprocessing = 0;
		};
		7688040C26593A22000DBF13 /* Sources */ = {
			isa = PBXSourcesBuildPhase;
			buildActionMask = 2147483647;
			files = (
				7688041526593A22000DBF13 /* EbbinghausPlannerTests.swift in Sources */,
			);
			runOnlyForDeploymentPostprocessing = 0;
		};
		7688041726593A22000DBF13 /* Sources */ = {
			isa = PBXSourcesBuildPhase;
			buildActionMask = 2147483647;
			files = (
				7688042026593A22000DBF13 /* EbbinghausPlannerUITests.swift in Sources */,
			);
			runOnlyForDeploymentPostprocessing = 0;
		};
/* End PBXSourcesBuildPhase section */

/* Begin PBXTargetDependency section */
		7688041226593A22000DBF13 /* PBXTargetDependency */ = {
			isa = PBXTargetDependency;
			target = 768803F626593A20000DBF13 /* EbbinghausPlanner */;
			targetProxy = 7688041126593A22000DBF13 /* PBXContainerItemProxy */;
		};
		7688041D26593A22000DBF13 /* PBXTargetDependency */ = {
			isa = PBXTargetDependency;
			target = 768803F626593A20000DBF13 /* EbbinghausPlanner */;
			targetProxy = 7688041C26593A22000DBF13 /* PBXContainerItemProxy */;
		};
/* End PBXTargetDependency section */

/* Begin PBXVariantGroup section */
		7688040026593A20000DBF13 /* Main.storyboard */ = {
			isa = PBXVariantGroup;
			children = (
				7688040126593A20000DBF13 /* Base */,
			);
			name = Main.storyboard;
			sourceTree = "<group>";
		};
		7688040826593A22000DBF13 /* LaunchScreen.storyboard */ = {
			isa = PBXVariantGroup;
			children = (
				7688040926593A22000DBF13 /* Base */,
			);
			name = LaunchScreen.storyboard;
			sourceTree = "<group>";
		};
/* End PBXVariantGroup section */

/* Begin XCBuildConfiguration section */
		7688042226593A22000DBF13 /* Debug */ = {
			isa = XCBuildConfiguration;
			buildSettings = {
				ALWAYS_SEARCH_USER_PATHS = NO;
				CLANG_ANALYZER_NONNULL = YES;
				CLANG_ANALYZER_NUMBER_OBJECT_CONVERSION = YES_AGGRESSIVE;
				CLANG_CXX_LANGUAGE_STANDARD = "gnu++14";
				CLANG_CXX_LIBRARY = "libc++";
				CLANG_ENABLE_MODULES = YES;
				CLANG_ENABLE_OBJC_ARC = YES;
				CLANG_ENABLE_OBJC_WEAK = YES;
				CLANG_WARN_BLOCK_CAPTURE_AUTORELEASING = YES;
				CLANG_WARN_BOOL_CONVERSION = YES;
				CLANG_WARN_COMMA = YES;
				CLANG_WARN_CONSTANT_CONVERSION = YES;
				CLANG_WARN_DEPRECATED_OBJC_IMPLEMENTATIONS = YES;
				CLANG_WARN_DIRECT_OBJC_ISA_USAGE = YES_ERROR;
				CLANG_WARN_DOCUMENTATION_COMMENTS = YES;
				CLANG_WARN_EMPTY_BODY = YES;
				CLANG_WARN_ENUM_CONVERSION = YES;
				CLANG_WARN_INFINITE_RECURSION = YES;
				CLANG_WARN_INT_CONVERSION = YES;
				CLANG_WARN_NON_LITERAL_NULL_CONVERSION = YES;
				CLANG_WARN_OBJC_IMPLICIT_RETAIN_SELF = YES;
				CLANG_WARN_OBJC_LITERAL_CONVERSION = YES;
				CLANG_WARN_OBJC_ROOT_CLASS = YES_ERROR;
				CLANG_WARN_QUOTED_INCLUDE_IN_FRAMEWORK_HEADER = YES;
				CLANG_WARN_RANGE_LOOP_ANALYSIS = YES;
				CLANG_WARN_STRICT_PROTOTYPES = YES;
				CLANG_WARN_SUSPICIOUS_MOVE = YES;
				CLANG_WARN_UNGUARDED_AVAILABILITY = YES_AGGRESSIVE;
				CLANG_WARN_UNREACHABLE_CODE = YES;
				CLANG_WARN__DUPLICATE_METHOD_MATCH = YES;
				COPY_PHASE_STRIP = NO;
				DEBUG_INFORMATION_FORMAT = dwarf;
				ENABLE_STRICT_OBJC_MSGSEND = YES;
				ENABLE_TESTABILITY = YES;
				GCC_C_LANGUAGE_STANDARD = gnu11;
				GCC_DYNAMIC_NO_PIC = NO;
				GCC_NO_COMMON_BLOCKS = YES;
				GCC_OPTIMIZATION_LEVEL = 0;
				GCC_PREPROCESSOR_DEFINITIONS = (
					"DEBUG=1",
					"$(inherited)",
				);
				GCC_WARN_64_TO_32_BIT_CONVERSION = YES;
				GCC_WARN_ABOUT_RETURN_TYPE = YES_ERROR;
				GCC_WARN_UNDECLARED_SELECTOR = YES;
				GCC_WARN_UNINITIALIZED_AUTOS = YES_AGGRESSIVE;
				GCC_WARN_UNUSED_FUNCTION = YES;
				GCC_WARN_UNUSED_VARIABLE = YES;
				IPHONEOS_DEPLOYMENT_TARGET = 14.5;
				MTL_ENABLE_DEBUG_INFO = INCLUDE_SOURCE;
				MTL_FAST_MATH = YES;
				ONLY_ACTIVE_ARCH = YES;
				SDKROOT = iphoneos;
				SWIFT_ACTIVE_COMPILATION_CONDITIONS = DEBUG;
				SWIFT_OPTIMIZATION_LEVEL = "-Onone";
			};
			name = Debug;
		};
		7688042326593A22000DBF13 /* Release */ = {
			isa = XCBuildConfiguration;
			buildSettings = {
				ALWAYS_SEARCH_USER_PATHS = NO;
				CLANG_ANALYZER_NONNULL = YES;
				CLANG_ANALYZER_NUMBER_OBJECT_CONVERSION = YES_AGGRESSIVE;
				CLANG_CXX_LANGUAGE_STANDARD = "gnu++14";
				CLANG_CXX_LIBRARY = "libc++";
				CLANG_ENABLE_MODULES = YES;
				CLANG_ENABLE_OBJC_ARC = YES;
				CLANG_ENABLE_OBJC_WEAK = YES;
				CLANG_WARN_BLOCK_CAPTURE_AUTORELEASING = YES;
				CLANG_WARN_BOOL_CONVERSION = YES;
				CLANG_WARN_COMMA = YES;
				CLANG_WARN_CONSTANT_CONVERSION = YES;
				CLANG_WARN_DEPRECATED_OBJC_IMPLEMENTATIONS = YES;
				CLANG_WARN_DIRECT_OBJC_ISA_USAGE = YES_ERROR;
				CLANG_WARN_DOCUMENTATION_COMMENTS = YES;
				CLANG_WARN_EMPTY_BODY = YES;
				CLANG_WARN_ENUM_CONVERSION = YES;
				CLANG_WARN_INFINITE_RECURSION = YES;
				CLANG_WARN_INT_CONVERSION = YES;
				CLANG_WARN_NON_LITERAL_NULL_CONVERSION = YES;
				CLANG_WARN_OBJC_IMPLICIT_RETAIN_SELF = YES;
				CLANG_WARN_OBJC_LITERAL_CONVERSION = YES;
				CLANG_WARN_OBJC_ROOT_CLASS = YES_ERROR;
				CLANG_WARN_QUOTED_INCLUDE_IN_FRAMEWORK_HEADER = YES;
				CLANG_WARN_RANGE_LOOP_ANALYSIS = YES;
				CLANG_WARN_STRICT_PROTOTYPES = YES;
				CLANG_WARN_SUSPICIOUS_MOVE = YES;
				CLANG_WARN_UNGUARDED_AVAILABILITY = YES_AGGRESSIVE;
				CLANG_WARN_UNREACHABLE_CODE = YES;
				CLANG_WARN__DUPLICATE_METHOD_MATCH = YES;
				COPY_PHASE_STRIP = NO;
				DEBUG_INFORMATION_FORMAT = "dwarf-with-dsym";
				ENABLE_NS_ASSERTIONS = NO;
				ENABLE_STRICT_OBJC_MSGSEND = YES;
				GCC_C_LANGUAGE_STANDARD = gnu11;
				GCC_NO_COMMON_BLOCKS = YES;
				GCC_WARN_64_TO_32_BIT_CONVERSION = YES;
				GCC_WARN_ABOUT_RETURN_TYPE = YES_ERROR;
				GCC_WARN_UNDECLARED_SELECTOR = YES;
				GCC_WARN_UNINITIALIZED_AUTOS = YES_AGGRESSIVE;
				GCC_WARN_UNUSED_FUNCTION = YES;
				GCC_WARN_UNUSED_VARIABLE = YES;
				IPHONEOS_DEPLOYMENT_TARGET = 14.5;
				MTL_ENABLE_DEBUG_INFO = NO;
				MTL_FAST_MATH = YES;
				SDKROOT = iphoneos;
				SWIFT_COMPILATION_MODE = wholemodule;
				SWIFT_OPTIMIZATION_LEVEL = "-O";
				VALIDATE_PRODUCT = YES;
			};
			name = Release;
		};
		7688042526593A22000DBF13 /* Debug */ = {
			isa = XCBuildConfiguration;
			buildSettings = {
				ASSETCATALOG_COMPILER_APPICON_NAME = AppIcon;
				ASSETCATALOG_COMPILER_GLOBAL_ACCENT_COLOR_NAME = AccentColor;
				CODE_SIGN_STYLE = Automatic;
				DEVELOPMENT_TEAM = 497P4L97SV;
				INFOPLIST_FILE = EbbinghausPlanner/Info.plist;
				LD_RUNPATH_SEARCH_PATHS = (
					"$(inherited)",
					"@executable_path/Frameworks",
				);
				PRODUCT_BUNDLE_IDENTIFIER = com.MuffinLabs.EbbinghausPlanner;
				PRODUCT_NAME = "$(TARGET_NAME)";
				SWIFT_VERSION = 5.0;
				TARGETED_DEVICE_FAMILY = "1,2";
			};
			name = Debug;
		};
		7688042626593A22000DBF13 /* Release */ = {
			isa = XCBuildConfiguration;
			buildSettings = {
				ASSETCATALOG_COMPILER_APPICON_NAME = AppIcon;
				ASSETCATALOG_COMPILER_GLOBAL_ACCENT_COLOR_NAME = AccentColor;
				CODE_SIGN_STYLE = Automatic;
				DEVELOPMENT_TEAM = 497P4L97SV;
				INFOPLIST_FILE = EbbinghausPlanner/Info.plist;
				LD_RUNPATH_SEARCH_PATHS = (
					"$(inherited)",
					"@executable_path/Frameworks",
				);
				PRODUCT_BUNDLE_IDENTIFIER = com.MuffinLabs.EbbinghausPlanner;
				PRODUCT_NAME = "$(TARGET_NAME)";
				SWIFT_VERSION = 5.0;
				TARGETED_DEVICE_FAMILY = "1,2";
			};
			name = Release;
		};
		7688042826593A22000DBF13 /* Debug */ = {
			isa = XCBuildConfiguration;
			buildSettings = {
				ALWAYS_EMBED_SWIFT_STANDARD_LIBRARIES = YES;
				BUNDLE_LOADER = "$(TEST_HOST)";
				CODE_SIGN_STYLE = Automatic;
				DEVELOPMENT_TEAM = 497P4L97SV;
				INFOPLIST_FILE = EbbinghausPlannerTests/Info.plist;
				IPHONEOS_DEPLOYMENT_TARGET = 14.5;
				LD_RUNPATH_SEARCH_PATHS = (
					"$(inherited)",
					"@executable_path/Frameworks",
					"@loader_path/Frameworks",
				);
				PRODUCT_BUNDLE_IDENTIFIER = com.MuffinLabs.EbbinghausPlannerTests;
				PRODUCT_NAME = "$(TARGET_NAME)";
				SWIFT_VERSION = 5.0;
				TARGETED_DEVICE_FAMILY = "1,2";
				TEST_HOST = "$(BUILT_PRODUCTS_DIR)/EbbinghausPlanner.app/EbbinghausPlanner";
			};
			name = Debug;
		};
		7688042926593A22000DBF13 /* Release */ = {
			isa = XCBuildConfiguration;
			buildSettings = {
				ALWAYS_EMBED_SWIFT_STANDARD_LIBRARIES = YES;
				BUNDLE_LOADER = "$(TEST_HOST)";
				CODE_SIGN_STYLE = Automatic;
				DEVELOPMENT_TEAM = 497P4L97SV;
				INFOPLIST_FILE = EbbinghausPlannerTests/Info.plist;
				IPHONEOS_DEPLOYMENT_TARGET = 14.5;
				LD_RUNPATH_SEARCH_PATHS = (
					"$(inherited)",
					"@executable_path/Frameworks",
					"@loader_path/Frameworks",
				);
				PRODUCT_BUNDLE_IDENTIFIER = com.MuffinLabs.EbbinghausPlannerTests;
				PRODUCT_NAME = "$(TARGET_NAME)";
				SWIFT_VERSION = 5.0;
				TARGETED_DEVICE_FAMILY = "1,2";
				TEST_HOST = "$(BUILT_PRODUCTS_DIR)/EbbinghausPlanner.app/EbbinghausPlanner";
			};
			name = Release;
		};
		7688042B26593A22000DBF13 /* Debug */ = {
			isa = XCBuildConfiguration;
			buildSettings = {
				ALWAYS_EMBED_SWIFT_STANDARD_LIBRARIES = YES;
				CODE_SIGN_STYLE = Automatic;
				DEVELOPMENT_TEAM = 497P4L97SV;
				INFOPLIST_FILE = EbbinghausPlannerUITests/Info.plist;
				LD_RUNPATH_SEARCH_PATHS = (
					"$(inherited)",
					"@executable_path/Frameworks",
					"@loader_path/Frameworks",
				);
				PRODUCT_BUNDLE_IDENTIFIER = com.MuffinLabs.EbbinghausPlannerUITests;
				PRODUCT_NAME = "$(TARGET_NAME)";
				SWIFT_VERSION = 5.0;
				TARGETED_DEVICE_FAMILY = "1,2";
				TEST_TARGET_NAME = EbbinghausPlanner;
			};
			name = Debug;
		};
		7688042C26593A22000DBF13 /* Release */ = {
			isa = XCBuildConfiguration;
			buildSettings = {
				ALWAYS_EMBED_SWIFT_STANDARD_LIBRARIES = YES;
				CODE_SIGN_STYLE = Automatic;
				DEVELOPMENT_TEAM = 497P4L97SV;
				INFOPLIST_FILE = EbbinghausPlannerUITests/Info.plist;
				LD_RUNPATH_SEARCH_PATHS = (
					"$(inherited)",
					"@executable_path/Frameworks",
					"@loader_path/Frameworks",
				);
				PRODUCT_BUNDLE_IDENTIFIER = com.MuffinLabs.EbbinghausPlannerUITests;
				PRODUCT_NAME = "$(TARGET_NAME)";
				SWIFT_VERSION = 5.0;
				TARGETED_DEVICE_FAMILY = "1,2";
				TEST_TARGET_NAME = EbbinghausPlanner;
			};
			name = Release;
		};
/* End XCBuildConfiguration section */

/* Begin XCConfigurationList section */
		768803F226593A20000DBF13 /* Build configuration list for PBXProject "EbbinghausPlanner" */ = {
			isa = XCConfigurationList;
			buildConfigurations = (
				7688042226593A22000DBF13 /* Debug */,
				7688042326593A22000DBF13 /* Release */,
			);
			defaultConfigurationIsVisible = 0;
			defaultConfigurationName = Release;
		};
		7688042426593A22000DBF13 /* Build configuration list for PBXNativeTarget "EbbinghausPlanner" */ = {
			isa = XCConfigurationList;
			buildConfigurations = (
				7688042526593A22000DBF13 /* Debug */,
				7688042626593A22000DBF13 /* Release */,
			);
			defaultConfigurationIsVisible = 0;
			defaultConfigurationName = Release;
		};
		7688042726593A22000DBF13 /* Build configuration list for PBXNativeTarget "EbbinghausPlannerTests" */ = {
			isa = XCConfigurationList;
			buildConfigurations = (
				7688042826593A22000DBF13 /* Debug */,
				7688042926593A22000DBF13 /* Release */,
			);
			defaultConfigurationIsVisible = 0;
			defaultConfigurationName = Release;
		};
		7688042A26593A22000DBF13 /* Build configuration list for PBXNativeTarget "EbbinghausPlannerUITests" */ = {
			isa = XCConfigurationList;
			buildConfigurations = (
				7688042B26593A22000DBF13 /* Debug */,
				7688042C26593A22000DBF13 /* Release */,
			);
			defaultConfigurationIsVisible = 0;
			defaultConfigurationName = Release;
		};
/* End XCConfigurationList section */

/* Begin XCVersionGroup section */
		7688040326593A20000DBF13 /* EbbinghausPlanner.xcdatamodeld */ = {
			isa = XCVersionGroup;
			children = (
				7688040426593A20000DBF13 /* EbbinghausPlanner.xcdatamodel */,
			);
			currentVersion = 7688040426593A20000DBF13 /* EbbinghausPlanner.xcdatamodel */;
			path = EbbinghausPlanner.xcdatamodeld;
			sourceTree = "<group>";
			versionGroupType = wrapper.xcdatamodel;
		};
/* End XCVersionGroup section */
	};
	rootObject = 768803EF26593A20000DBF13 /* Project object */;
}
