// !$*UTF8*$!
{
	archiveVersion = 1;
	classes = {
	};
	objectVersion = 51;
	objects = {

/* Begin PBXBuildFile section */
		0144BAC806560AD1030A8AA8 /* Pods_EbbinghausPlanner.framework in Frameworks */ = {isa = PBXBuildFile; fileRef = D357C99A7A263AED8E6F8CF1 /* Pods_EbbinghausPlanner.framework */; };
		1B8E7A084F2E38D3CB6D3CA6 /* Pods_EbbinghausPlannerTests.framework in Frameworks */ = {isa = PBXBuildFile; fileRef = 6C4DB41CB5C1DABD7FE43027 /* Pods_EbbinghausPlannerTests.framework */; };
		764292702666438C00A14DA9 /* PopOverCalendarViewController.swift in Sources */ = {isa = PBXBuildFile; fileRef = 7642926E2666438C00A14DA9 /* PopOverCalendarViewController.swift */; };
		767FB10A267AA31F00B815F8 /* CustomFloatingPanelLayout.swift in Sources */ = {isa = PBXBuildFile; fileRef = 767FB109267AA31F00B815F8 /* CustomFloatingPanelLayout.swift */; };
		768240FF265A43F000135BB6 /* TaskViewController.swift in Sources */ = {isa = PBXBuildFile; fileRef = 768240FE265A43F000135BB6 /* TaskViewController.swift */; };
		7682414D265A79EA00135BB6 /* TaskItemCell.swift in Sources */ = {isa = PBXBuildFile; fileRef = 7682414B265A79EA00135BB6 /* TaskItemCell.swift */; };
		7682414E265A79EA00135BB6 /* TaskItemCell.xib in Resources */ = {isa = PBXBuildFile; fileRef = 7682414C265A79EA00135BB6 /* TaskItemCell.xib */; };
		76824150265A82FC00135BB6 /* AddTaskViewController.swift in Sources */ = {isa = PBXBuildFile; fileRef = 7682414F265A82FC00135BB6 /* AddTaskViewController.swift */; };
		76824156265AA5D000135BB6 /* PreviewCalendarCell.swift in Sources */ = {isa = PBXBuildFile; fileRef = 76824155265AA5D000135BB6 /* PreviewCalendarCell.swift */; };
		768803FB26593A20000DBF13 /* AppDelegate.swift in Sources */ = {isa = PBXBuildFile; fileRef = 768803FA26593A20000DBF13 /* AppDelegate.swift */; };
		768803FD26593A20000DBF13 /* SceneDelegate.swift in Sources */ = {isa = PBXBuildFile; fileRef = 768803FC26593A20000DBF13 /* SceneDelegate.swift */; };
		768803FF26593A20000DBF13 /* ViewController.swift in Sources */ = {isa = PBXBuildFile; fileRef = 768803FE26593A20000DBF13 /* ViewController.swift */; };
		7688040226593A20000DBF13 /* Main.storyboard in Resources */ = {isa = PBXBuildFile; fileRef = 7688040026593A20000DBF13 /* Main.storyboard */; };
		7688040526593A20000DBF13 /* EbbinghausPlanner.xcdatamodeld in Sources */ = {isa = PBXBuildFile; fileRef = 7688040326593A20000DBF13 /* EbbinghausPlanner.xcdatamodeld */; };
		7688040726593A22000DBF13 /* Assets.xcassets in Resources */ = {isa = PBXBuildFile; fileRef = 7688040626593A22000DBF13 /* Assets.xcassets */; };
		7688040A26593A22000DBF13 /* LaunchScreen.storyboard in Resources */ = {isa = PBXBuildFile; fileRef = 7688040826593A22000DBF13 /* LaunchScreen.storyboard */; };
		7688041526593A22000DBF13 /* EbbinghausPlannerTests.swift in Sources */ = {isa = PBXBuildFile; fileRef = 7688041426593A22000DBF13 /* EbbinghausPlannerTests.swift */; };
		7688042026593A22000DBF13 /* EbbinghausPlannerUITests.swift in Sources */ = {isa = PBXBuildFile; fileRef = 7688041F26593A22000DBF13 /* EbbinghausPlannerUITests.swift */; };
		769B7DEF2666A08B002228B6 /* PopOverTimePickerViewController.swift in Sources */ = {isa = PBXBuildFile; fileRef = 769B7DEE2666A08B002228B6 /* PopOverTimePickerViewController.swift */; };
		769B7E6F26678058002228B6 /* TaskHandler.swift in Sources */ = {isa = PBXBuildFile; fileRef = 769B7E6E26678058002228B6 /* TaskHandler.swift */; };
		769B7E712667D312002228B6 /* GlobalExtensions.swift in Sources */ = {isa = PBXBuildFile; fileRef = 769B7E702667D312002228B6 /* GlobalExtensions.swift */; };
		76ECD276266B8070002BC6D7 /* EditTaskViewController.swift in Sources */ = {isa = PBXBuildFile; fileRef = 76ECD275266B8070002BC6D7 /* EditTaskViewController.swift */; };
		76ECD278266BDD5E002BC6D7 /* ChildTask.swift in Sources */ = {isa = PBXBuildFile; fileRef = 76ECD277266BDD5E002BC6D7 /* ChildTask.swift */; };
		76ECD27A266BDE43002BC6D7 /* ParentTask.swift in Sources */ = {isa = PBXBuildFile; fileRef = 76ECD279266BDE43002BC6D7 /* ParentTask.swift */; };
		F702E5769FB9B19B05367F51 /* Pods_EbbinghausPlanner_EbbinghausPlannerUITests.framework in Frameworks */ = {isa = PBXBuildFile; fileRef = F48E3558DE1071AB2F86F917 /* Pods_EbbinghausPlanner_EbbinghausPlannerUITests.framework */; };
/* End PBXBuildFile section */

/* Begin PBXContainerItemProxy section */
		7688041126593A22000DBF13 /* PBXContainerItemProxy */ = {
			isa = PBXContainerItemProxy;
			containerPortal = 768803EF26593A20000DBF13 /* Project object */;
			proxyType = 1;
			remoteGlobalIDString = 768803F626593A20000DBF13;
			remoteInfo = EbbinghausPlanner;
		};
		7688041C26593A22000DBF13 /* PBXContainerItemProxy */ = {
			isa = PBXContainerItemProxy;
			containerPortal = 768803EF26593A20000DBF13 /* Project object */;
			proxyType = 1;
			remoteGlobalIDString = 768803F626593A20000DBF13;
			remoteInfo = EbbinghausPlanner;
		};
/* End PBXContainerItemProxy section */

/* Begin PBXFileReference section */
		015908CE9542D07FB08AA4C1 /* Pods-EbbinghausPlannerTests.release.xcconfig */ = {isa = PBXFileReference; includeInIndex = 1; lastKnownFileType = text.xcconfig; name = "Pods-EbbinghausPlannerTests.release.xcconfig"; path = "Target Support Files/Pods-EbbinghausPlannerTests/Pods-EbbinghausPlannerTests.release.xcconfig"; sourceTree = "<group>"; };
		1B895EDBFAA2DF86CE3F84F7 /* Pods-EbbinghausPlannerTests.debug.xcconfig */ = {isa = PBXFileReference; includeInIndex = 1; lastKnownFileType = text.xcconfig; name = "Pods-EbbinghausPlannerTests.debug.xcconfig"; path = "Target Support Files/Pods-EbbinghausPlannerTests/Pods-EbbinghausPlannerTests.debug.xcconfig"; sourceTree = "<group>"; };
		2D9EBD4D8CC73482FA891D82 /* Pods-EbbinghausPlanner-EbbinghausPlannerUITests.release.xcconfig */ = {isa = PBXFileReference; includeInIndex = 1; lastKnownFileType = text.xcconfig; name = "Pods-EbbinghausPlanner-EbbinghausPlannerUITests.release.xcconfig"; path = "Target Support Files/Pods-EbbinghausPlanner-EbbinghausPlannerUITests/Pods-EbbinghausPlanner-EbbinghausPlannerUITests.release.xcconfig"; sourceTree = "<group>"; };
		67A18FB5BD2824573ACC95C2 /* Pods-EbbinghausPlanner.release.xcconfig */ = {isa = PBXFileReference; includeInIndex = 1; lastKnownFileType = text.xcconfig; name = "Pods-EbbinghausPlanner.release.xcconfig"; path = "Target Support Files/Pods-EbbinghausPlanner/Pods-EbbinghausPlanner.release.xcconfig"; sourceTree = "<group>"; };
		6C4DB41CB5C1DABD7FE43027 /* Pods_EbbinghausPlannerTests.framework */ = {isa = PBXFileReference; explicitFileType = wrapper.framework; includeInIndex = 0; path = Pods_EbbinghausPlannerTests.framework; sourceTree = BUILT_PRODUCTS_DIR; };
		7642926E2666438C00A14DA9 /* PopOverCalendarViewController.swift */ = {isa = PBXFileReference; lastKnownFileType = sourcecode.swift; path = PopOverCalendarViewController.swift; sourceTree = "<group>"; };
		767FB109267AA31F00B815F8 /* CustomFloatingPanelLayout.swift */ = {isa = PBXFileReference; lastKnownFileType = sourcecode.swift; path = CustomFloatingPanelLayout.swift; sourceTree = "<group>"; };
		768240FE265A43F000135BB6 /* TaskViewController.swift */ = {isa = PBXFileReference; lastKnownFileType = sourcecode.swift; path = TaskViewController.swift; sourceTree = "<group>"; };
		7682414B265A79EA00135BB6 /* TaskItemCell.swift */ = {isa = PBXFileReference; lastKnownFileType = sourcecode.swift; path = TaskItemCell.swift; sourceTree = "<group>"; };
		7682414C265A79EA00135BB6 /* TaskItemCell.xib */ = {isa = PBXFileReference; lastKnownFileType = file.xib; path = TaskItemCell.xib; sourceTree = "<group>"; };
		7682414F265A82FC00135BB6 /* AddTaskViewController.swift */ = {isa = PBXFileReference; lastKnownFileType = sourcecode.swift; path = AddTaskViewController.swift; sourceTree = "<group>"; };
		76824155265AA5D000135BB6 /* PreviewCalendarCell.swift */ = {isa = PBXFileReference; lastKnownFileType = sourcecode.swift; path = PreviewCalendarCell.swift; sourceTree = "<group>"; };
		768803F726593A20000DBF13 /* EbbinghausPlanner.app */ = {isa = PBXFileReference; explicitFileType = wrapper.application; includeInIndex = 0; path = EbbinghausPlanner.app; sourceTree = BUILT_PRODUCTS_DIR; };
		768803FA26593A20000DBF13 /* AppDelegate.swift */ = {isa = PBXFileReference; lastKnownFileType = sourcecode.swift; path = AppDelegate.swift; sourceTree = "<group>"; };
		768803FC26593A20000DBF13 /* SceneDelegate.swift */ = {isa = PBXFileReference; lastKnownFileType = sourcecode.swift; path = SceneDelegate.swift; sourceTree = "<group>"; };
		768803FE26593A20000DBF13 /* ViewController.swift */ = {isa = PBXFileReference; lastKnownFileType = sourcecode.swift; path = ViewController.swift; sourceTree = "<group>"; };
		7688040126593A20000DBF13 /* Base */ = {isa = PBXFileReference; lastKnownFileType = file.storyboard; name = Base; path = Base.lproj/Main.storyboard; sourceTree = "<group>"; };
		7688040426593A20000DBF13 /* EbbinghausPlanner.xcdatamodel */ = {isa = PBXFileReference; lastKnownFileType = wrapper.xcdatamodel; path = EbbinghausPlanner.xcdatamodel; sourceTree = "<group>"; };
		7688040626593A22000DBF13 /* Assets.xcassets */ = {isa = PBXFileReference; lastKnownFileType = folder.assetcatalog; path = Assets.xcassets; sourceTree = "<group>"; };
		7688040926593A22000DBF13 /* Base */ = {isa = PBXFileReference; lastKnownFileType = file.storyboard; name = Base; path = Base.lproj/LaunchScreen.storyboard; sourceTree = "<group>"; };
		7688040B26593A22000DBF13 /* Info.plist */ = {isa = PBXFileReference; lastKnownFileType = text.plist.xml; path = Info.plist; sourceTree = "<group>"; };
		7688041026593A22000DBF13 /* EbbinghausPlannerTests.xctest */ = {isa = PBXFileReference; explicitFileType = wrapper.cfbundle; includeInIndex = 0; path = EbbinghausPlannerTests.xctest; sourceTree = BUILT_PRODUCTS_DIR; };
		7688041426593A22000DBF13 /* EbbinghausPlannerTests.swift */ = {isa = PBXFileReference; lastKnownFileType = sourcecode.swift; path = EbbinghausPlannerTests.swift; sourceTree = "<group>"; };
		7688041626593A22000DBF13 /* Info.plist */ = {isa = PBXFileReference; lastKnownFileType = text.plist.xml; path = Info.plist; sourceTree = "<group>"; };
		7688041B26593A22000DBF13 /* EbbinghausPlannerUITests.xctest */ = {isa = PBXFileReference; explicitFileType = wrapper.cfbundle; includeInIndex = 0; path = EbbinghausPlannerUITests.xctest; sourceTree = BUILT_PRODUCTS_DIR; };
		7688041F26593A22000DBF13 /* EbbinghausPlannerUITests.swift */ = {isa = PBXFileReference; lastKnownFileType = sourcecode.swift; path = EbbinghausPlannerUITests.swift; sourceTree = "<group>"; };
		7688042126593A22000DBF13 /* Info.plist */ = {isa = PBXFileReference; lastKnownFileType = text.plist.xml; path = Info.plist; sourceTree = "<group>"; };
		769B7DEE2666A08B002228B6 /* PopOverTimePickerViewController.swift */ = {isa = PBXFileReference; lastKnownFileType = sourcecode.swift; path = PopOverTimePickerViewController.swift; sourceTree = "<group>"; };
		769B7E6E26678058002228B6 /* TaskHandler.swift */ = {isa = PBXFileReference; lastKnownFileType = sourcecode.swift; path = TaskHandler.swift; sourceTree = "<group>"; };
		769B7E702667D312002228B6 /* GlobalExtensions.swift */ = {isa = PBXFileReference; lastKnownFileType = sourcecode.swift; path = GlobalExtensions.swift; sourceTree = "<group>"; };
		76ECD275266B8070002BC6D7 /* EditTaskViewController.swift */ = {isa = PBXFileReference; lastKnownFileType = sourcecode.swift; path = EditTaskViewController.swift; sourceTree = "<group>"; };
		76ECD277266BDD5E002BC6D7 /* ChildTask.swift */ = {isa = PBXFileReference; lastKnownFileType = sourcecode.swift; path = ChildTask.swift; sourceTree = "<group>"; };
		76ECD279266BDE43002BC6D7 /* ParentTask.swift */ = {isa = PBXFileReference; lastKnownFileType = sourcecode.swift; path = ParentTask.swift; sourceTree = "<group>"; };
		D357C99A7A263AED8E6F8CF1 /* Pods_EbbinghausPlanner.framework */ = {isa = PBXFileReference; explicitFileType = wrapper.framework; includeInIndex = 0; path = Pods_EbbinghausPlanner.framework; sourceTree = BUILT_PRODUCTS_DIR; };
		D5AF160D2243E3C56FF16E33 /* Pods-EbbinghausPlanner-EbbinghausPlannerUITests.debug.xcconfig */ = {isa = PBXFileReference; includeInIndex = 1; lastKnownFileType = text.xcconfig; name = "Pods-EbbinghausPlanner-EbbinghausPlannerUITests.debug.xcconfig"; path = "Target Support Files/Pods-EbbinghausPlanner-EbbinghausPlannerUITests/Pods-EbbinghausPlanner-EbbinghausPlannerUITests.debug.xcconfig"; sourceTree = "<group>"; };
		D8D7787D86BF170D7267EC4C /* Pods-EbbinghausPlanner.debug.xcconfig */ = {isa = PBXFileReference; includeInIndex = 1; lastKnownFileType = text.xcconfig; name = "Pods-EbbinghausPlanner.debug.xcconfig"; path = "Target Support Files/Pods-EbbinghausPlanner/Pods-EbbinghausPlanner.debug.xcconfig"; sourceTree = "<group>"; };
		F48E3558DE1071AB2F86F917 /* Pods_EbbinghausPlanner_EbbinghausPlannerUITests.framework */ = {isa = PBXFileReference; explicitFileType = wrapper.framework; includeInIndex = 0; path = Pods_EbbinghausPlanner_EbbinghausPlannerUITests.framework; sourceTree = BUILT_PRODUCTS_DIR; };
/* End PBXFileReference section */

/* Begin PBXFrameworksBuildPhase section */
		768803F426593A20000DBF13 /* Frameworks */ = {
			isa = PBXFrameworksBuildPhase;
			buildActionMask = 2147483647;
			files = (
				0144BAC806560AD1030A8AA8 /* Pods_EbbinghausPlanner.framework in Frameworks */,
			);
			runOnlyForDeploymentPostprocessing = 0;
		};
		7688040D26593A22000DBF13 /* Frameworks */ = {
			isa = PBXFrameworksBuildPhase;
			buildActionMask = 2147483647;
			files = (
				1B8E7A084F2E38D3CB6D3CA6 /* Pods_EbbinghausPlannerTests.framework in Frameworks */,
			);
			runOnlyForDeploymentPostprocessing = 0;
		};
		7688041826593A22000DBF13 /* Frameworks */ = {
			isa = PBXFrameworksBuildPhase;
			buildActionMask = 2147483647;
			files = (
				F702E5769FB9B19B05367F51 /* Pods_EbbinghausPlanner_EbbinghausPlannerUITests.framework in Frameworks */,
			);
			runOnlyForDeploymentPostprocessing = 0;
		};
/* End PBXFrameworksBuildPhase section */

/* Begin PBXGroup section */
		628FA9C34BFF1A39E38A5E40 /* Pods */ = {
			isa = PBXGroup;
			children = (
				D8D7787D86BF170D7267EC4C /* Pods-EbbinghausPlanner.debug.xcconfig */,
				67A18FB5BD2824573ACC95C2 /* Pods-EbbinghausPlanner.release.xcconfig */,
				D5AF160D2243E3C56FF16E33 /* Pods-EbbinghausPlanner-EbbinghausPlannerUITests.debug.xcconfig */,
				2D9EBD4D8CC73482FA891D82 /* Pods-EbbinghausPlanner-EbbinghausPlannerUITests.release.xcconfig */,
				1B895EDBFAA2DF86CE3F84F7 /* Pods-EbbinghausPlannerTests.debug.xcconfig */,
				015908CE9542D07FB08AA4C1 /* Pods-EbbinghausPlannerTests.release.xcconfig */,
			);
			path = Pods;
			sourceTree = "<group>";
		};
		76824157265AA79500135BB6 /* Cells */ = {
			isa = PBXGroup;
			children = (
				7682414B265A79EA00135BB6 /* TaskItemCell.swift */,
				76824155265AA5D000135BB6 /* PreviewCalendarCell.swift */,
			);
			path = Cells;
			sourceTree = "<group>";
		};
		768803EE26593A20000DBF13 = {
			isa = PBXGroup;
			children = (
				768803F926593A20000DBF13 /* EbbinghausPlanner */,
				7688041326593A22000DBF13 /* EbbinghausPlannerTests */,
				7688041E26593A22000DBF13 /* EbbinghausPlannerUITests */,
				768803F826593A20000DBF13 /* Products */,
				628FA9C34BFF1A39E38A5E40 /* Pods */,
				7F9144C4758CAE89F2E802D5 /* Frameworks */,
			);
			sourceTree = "<group>";
		};
		768803F826593A20000DBF13 /* Products */ = {
			isa = PBXGroup;
			children = (
				768803F726593A20000DBF13 /* EbbinghausPlanner.app */,
				7688041026593A22000DBF13 /* EbbinghausPlannerTests.xctest */,
				7688041B26593A22000DBF13 /* EbbinghausPlannerUITests.xctest */,
			);
			name = Products;
			sourceTree = "<group>";
		};
		768803F926593A20000DBF13 /* EbbinghausPlanner */ = {
			isa = PBXGroup;
			children = (
				7688042F26593A54000DBF13 /* Model */,
				7688042D26593A40000DBF13 /* View */,
				7688042E26593A49000DBF13 /* Controller */,
				768803FA26593A20000DBF13 /* AppDelegate.swift */,
				768803FC26593A20000DBF13 /* SceneDelegate.swift */,
				7688040626593A22000DBF13 /* Assets.xcassets */,
				7688040B26593A22000DBF13 /* Info.plist */,
			);
			path = EbbinghausPlanner;
			sourceTree = "<group>";
		};
		7688041326593A22000DBF13 /* EbbinghausPlannerTests */ = {
			isa = PBXGroup;
			children = (
				7688041426593A22000DBF13 /* EbbinghausPlannerTests.swift */,
				7688041626593A22000DBF13 /* Info.plist */,
			);
			path = EbbinghausPlannerTests;
			sourceTree = "<group>";
		};
		7688041E26593A22000DBF13 /* EbbinghausPlannerUITests */ = {
			isa = PBXGroup;
			children = (
				7688041F26593A22000DBF13 /* EbbinghausPlannerUITests.swift */,
				7688042126593A22000DBF13 /* Info.plist */,
			);
			path = EbbinghausPlannerUITests;
			sourceTree = "<group>";
		};
		7688042D26593A40000DBF13 /* View */ = {
			isa = PBXGroup;
			children = (
				7688040826593A22000DBF13 /* LaunchScreen.storyboard */,
				7688040026593A20000DBF13 /* Main.storyboard */,
				7682414C265A79EA00135BB6 /* TaskItemCell.xib */,
			);
			path = View;
			sourceTree = "<group>";
		};
		7688042E26593A49000DBF13 /* Controller */ = {
			isa = PBXGroup;
			children = (
				76824157265AA79500135BB6 /* Cells */,
				768803FE26593A20000DBF13 /* ViewController.swift */,
				768240FE265A43F000135BB6 /* TaskViewController.swift */,
				7682414F265A82FC00135BB6 /* AddTaskViewController.swift */,
				7642926E2666438C00A14DA9 /* PopOverCalendarViewController.swift */,
				769B7DEE2666A08B002228B6 /* PopOverTimePickerViewController.swift */,
				76ECD275266B8070002BC6D7 /* EditTaskViewController.swift */,
			);
			path = Controller;
			sourceTree = "<group>";
		};
		7688042F26593A54000DBF13 /* Model */ = {
			isa = PBXGroup;
			children = (
				7688040326593A20000DBF13 /* EbbinghausPlanner.xcdatamodeld */,
				76ECD279266BDE43002BC6D7 /* ParentTask.swift */,
				76ECD277266BDD5E002BC6D7 /* ChildTask.swift */,
				769B7E6E26678058002228B6 /* TaskHandler.swift */,
				769B7E702667D312002228B6 /* GlobalExtensions.swift */,
				767FB109267AA31F00B815F8 /* CustomFloatingPanelLayout.swift */,
			);
			path = Model;
			sourceTree = "<group>";
		};
		7F9144C4758CAE89F2E802D5 /* Frameworks */ = {
			isa = PBXGroup;
			children = (
				D357C99A7A263AED8E6F8CF1 /* Pods_EbbinghausPlanner.framework */,
				F48E3558DE1071AB2F86F917 /* Pods_EbbinghausPlanner_EbbinghausPlannerUITests.framework */,
				6C4DB41CB5C1DABD7FE43027 /* Pods_EbbinghausPlannerTests.framework */,
			);
			name = Frameworks;
			sourceTree = "<group>";
		};
/* End PBXGroup section */

/* Begin PBXNativeTarget section */
		768803F626593A20000DBF13 /* EbbinghausPlanner */ = {
			isa = PBXNativeTarget;
			buildConfigurationList = 7688042426593A22000DBF13 /* Build configuration list for PBXNativeTarget "EbbinghausPlanner" */;
			buildPhases = (
				AEEBE2B67E3833962AA478FB /* [CP] Check Pods Manifest.lock */,
				768803F326593A20000DBF13 /* Sources */,
				768803F426593A20000DBF13 /* Frameworks */,
				768803F526593A20000DBF13 /* Resources */,
				0DF0017957B38BFC8F06104D /* [CP] Embed Pods Frameworks */,
			);
			buildRules = (
			);
			dependencies = (
			);
			name = EbbinghausPlanner;
			productName = EbbinghausPlanner;
			productReference = 768803F726593A20000DBF13 /* EbbinghausPlanner.app */;
			productType = "com.apple.product-type.application";
		};
		7688040F26593A22000DBF13 /* EbbinghausPlannerTests */ = {
			isa = PBXNativeTarget;
			buildConfigurationList = 7688042726593A22000DBF13 /* Build configuration list for PBXNativeTarget "EbbinghausPlannerTests" */;
			buildPhases = (
				826461496AACD86F70049CA9 /* [CP] Check Pods Manifest.lock */,
				7688040C26593A22000DBF13 /* Sources */,
				7688040D26593A22000DBF13 /* Frameworks */,
				7688040E26593A22000DBF13 /* Resources */,
			);
			buildRules = (
			);
			dependencies = (
				7688041226593A22000DBF13 /* PBXTargetDependency */,
			);
			name = EbbinghausPlannerTests;
			productName = EbbinghausPlannerTests;
			productReference = 7688041026593A22000DBF13 /* EbbinghausPlannerTests.xctest */;
			productType = "com.apple.product-type.bundle.unit-test";
		};
		7688041A26593A22000DBF13 /* EbbinghausPlannerUITests */ = {
			isa = PBXNativeTarget;
			buildConfigurationList = 7688042A26593A22000DBF13 /* Build configuration list for PBXNativeTarget "EbbinghausPlannerUITests" */;
			buildPhases = (
				D6E3BA585216F93C1010723F /* [CP] Check Pods Manifest.lock */,
				7688041726593A22000DBF13 /* Sources */,
				7688041826593A22000DBF13 /* Frameworks */,
				7688041926593A22000DBF13 /* Resources */,
				A781808972C0465EA385AA0B /* [CP] Embed Pods Frameworks */,
			);
			buildRules = (
			);
			dependencies = (
				7688041D26593A22000DBF13 /* PBXTargetDependency */,
			);
			name = EbbinghausPlannerUITests;
			productName = EbbinghausPlannerUITests;
			productReference = 7688041B26593A22000DBF13 /* EbbinghausPlannerUITests.xctest */;
			productType = "com.apple.product-type.bundle.ui-testing";
		};
/* End PBXNativeTarget section */

/* Begin PBXProject section */
		768803EF26593A20000DBF13 /* Project object */ = {
			isa = PBXProject;
			attributes = {
				LastSwiftUpdateCheck = 1250;
				LastUpgradeCheck = 1250;
				TargetAttributes = {
					768803F626593A20000DBF13 = {
						CreatedOnToolsVersion = 12.5;
					};
					7688040F26593A22000DBF13 = {
						CreatedOnToolsVersion = 12.5;
						TestTargetID = 768803F626593A20000DBF13;
					};
					7688041A26593A22000DBF13 = {
						CreatedOnToolsVersion = 12.5;
						TestTargetID = 768803F626593A20000DBF13;
					};
				};
			};
			buildConfigurationList = 768803F226593A20000DBF13 /* Build configuration list for PBXProject "EbbinghausPlanner" */;
			compatibilityVersion = "Xcode 9.3";
			developmentRegion = en;
			hasScannedForEncodings = 0;
			knownRegions = (
				en,
				Base,
			);
			mainGroup = 768803EE26593A20000DBF13;
			productRefGroup = 768803F826593A20000DBF13 /* Products */;
			projectDirPath = "";
			projectRoot = "";
			targets = (
				768803F626593A20000DBF13 /* EbbinghausPlanner */,
				7688040F26593A22000DBF13 /* EbbinghausPlannerTests */,
				7688041A26593A22000DBF13 /* EbbinghausPlannerUITests */,
			);
		};
/* End PBXProject section */

/* Begin PBXResourcesBuildPhase section */
		768803F526593A20000DBF13 /* Resources */ = {
			isa = PBXResourcesBuildPhase;
			buildActionMask = 2147483647;
			files = (
				7688040A26593A22000DBF13 /* LaunchScreen.storyboard in Resources */,
				7688040726593A22000DBF13 /* Assets.xcassets in Resources */,
				7688040226593A20000DBF13 /* Main.storyboard in Resources */,
				7682414E265A79EA00135BB6 /* TaskItemCell.xib in Resources */,
			);
			runOnlyForDeploymentPostprocessing = 0;
		};
		7688040E26593A22000DBF13 /* Resources */ = {
			isa = PBXResourcesBuildPhase;
			buildActionMask = 2147483647;
			files = (
			);
			runOnlyForDeploymentPostprocessing = 0;
		};
		7688041926593A22000DBF13 /* Resources */ = {
			isa = PBXResourcesBuildPhase;
			buildActionMask = 2147483647;
			files = (
			);
			runOnlyForDeploymentPostprocessing = 0;
		};
/* End PBXResourcesBuildPhase section */

/* Begin PBXShellScriptBuildPhase section */
		0DF0017957B38BFC8F06104D /* [CP] Embed Pods Frameworks */ = {
			isa = PBXShellScriptBuildPhase;
			buildActionMask = 2147483647;
			files = (
			);
			inputFileListPaths = (
				"${PODS_ROOT}/Target Support Files/Pods-EbbinghausPlanner/Pods-EbbinghausPlanner-frameworks-${CONFIGURATION}-input-files.xcfilelist",
			);
			name = "[CP] Embed Pods Frameworks";
			outputFileListPaths = (
				"${PODS_ROOT}/Target Support Files/Pods-EbbinghausPlanner/Pods-EbbinghausPlanner-frameworks-${CONFIGURATION}-output-files.xcfilelist",
			);
			runOnlyForDeploymentPostprocessing = 0;
			shellPath = /bin/sh;
			shellScript = "\"${PODS_ROOT}/Target Support Files/Pods-EbbinghausPlanner/Pods-EbbinghausPlanner-frameworks.sh\"\n";
			showEnvVarsInLog = 0;
		};
		826461496AACD86F70049CA9 /* [CP] Check Pods Manifest.lock */ = {
			isa = PBXShellScriptBuildPhase;
			buildActionMask = 2147483647;
			files = (
			);
			inputFileListPaths = (
			);
			inputPaths = (
				"${PODS_PODFILE_DIR_PATH}/Podfile.lock",
				"${PODS_ROOT}/Manifest.lock",
			);
			name = "[CP] Check Pods Manifest.lock";
			outputFileListPaths = (
			);
			outputPaths = (
				"$(DERIVED_FILE_DIR)/Pods-EbbinghausPlannerTests-checkManifestLockResult.txt",
			);
			runOnlyForDeploymentPostprocessing = 0;
			shellPath = /bin/sh;
			shellScript = "diff \"${PODS_PODFILE_DIR_PATH}/Podfile.lock\" \"${PODS_ROOT}/Manifest.lock\" > /dev/null\nif [ $? != 0 ] ; then\n    # print error to STDERR\n    echo \"error: The sandbox is not in sync with the Podfile.lock. Run 'pod install' or update your CocoaPods installation.\" >&2\n    exit 1\nfi\n# This output is used by Xcode 'outputs' to avoid re-running this script phase.\necho \"SUCCESS\" > \"${SCRIPT_OUTPUT_FILE_0}\"\n";
			showEnvVarsInLog = 0;
		};
		A781808972C0465EA385AA0B /* [CP] Embed Pods Frameworks */ = {
			isa = PBXShellScriptBuildPhase;
			buildActionMask = 2147483647;
			files = (
			);
			inputFileListPaths = (
				"${PODS_ROOT}/Target Support Files/Pods-EbbinghausPlanner-EbbinghausPlannerUITests/Pods-EbbinghausPlanner-EbbinghausPlannerUITests-frameworks-${CONFIGURATION}-input-files.xcfilelist",
			);
			name = "[CP] Embed Pods Frameworks";
			outputFileListPaths = (
				"${PODS_ROOT}/Target Support Files/Pods-EbbinghausPlanner-EbbinghausPlannerUITests/Pods-EbbinghausPlanner-EbbinghausPlannerUITests-frameworks-${CONFIGURATION}-output-files.xcfilelist",
			);
			runOnlyForDeploymentPostprocessing = 0;
			shellPath = /bin/sh;
			shellScript = "\"${PODS_ROOT}/Target Support Files/Pods-EbbinghausPlanner-EbbinghausPlannerUITests/Pods-EbbinghausPlanner-EbbinghausPlannerUITests-frameworks.sh\"\n";
			showEnvVarsInLog = 0;
		};
		AEEBE2B67E3833962AA478FB /* [CP] Check Pods Manifest.lock */ = {
			isa = PBXShellScriptBuildPhase;
			buildActionMask = 2147483647;
			files = (
			);
			inputFileListPaths = (
			);
			inputPaths = (
				"${PODS_PODFILE_DIR_PATH}/Podfile.lock",
				"${PODS_ROOT}/Manifest.lock",
			);
			name = "[CP] Check Pods Manifest.lock";
			outputFileListPaths = (
			);
			outputPaths = (
				"$(DERIVED_FILE_DIR)/Pods-EbbinghausPlanner-checkManifestLockResult.txt",
			);
			runOnlyForDeploymentPostprocessing = 0;
			shellPath = /bin/sh;
			shellScript = "diff \"${PODS_PODFILE_DIR_PATH}/Podfile.lock\" \"${PODS_ROOT}/Manifest.lock\" > /dev/null\nif [ $? != 0 ] ; then\n    # print error to STDERR\n    echo \"error: The sandbox is not in sync with the Podfile.lock. Run 'pod install' or update your CocoaPods installation.\" >&2\n    exit 1\nfi\n# This output is used by Xcode 'outputs' to avoid re-running this script phase.\necho \"SUCCESS\" > \"${SCRIPT_OUTPUT_FILE_0}\"\n";
			showEnvVarsInLog = 0;
		};
		D6E3BA585216F93C1010723F /* [CP] Check Pods Manifest.lock */ = {
			isa = PBXShellScriptBuildPhase;
			buildActionMask = 2147483647;
			files = (
			);
			inputFileListPaths = (
			);
			inputPaths = (
				"${PODS_PODFILE_DIR_PATH}/Podfile.lock",
				"${PODS_ROOT}/Manifest.lock",
			);
			name = "[CP] Check Pods Manifest.lock";
			outputFileListPaths = (
			);
			outputPaths = (
				"$(DERIVED_FILE_DIR)/Pods-EbbinghausPlanner-EbbinghausPlannerUITests-checkManifestLockResult.txt",
			);
			runOnlyForDeploymentPostprocessing = 0;
			shellPath = /bin/sh;
			shellScript = "diff \"${PODS_PODFILE_DIR_PATH}/Podfile.lock\" \"${PODS_ROOT}/Manifest.lock\" > /dev/null\nif [ $? != 0 ] ; then\n    # print error to STDERR\n    echo \"error: The sandbox is not in sync with the Podfile.lock. Run 'pod install' or update your CocoaPods installation.\" >&2\n    exit 1\nfi\n# This output is used by Xcode 'outputs' to avoid re-running this script phase.\necho \"SUCCESS\" > \"${SCRIPT_OUTPUT_FILE_0}\"\n";
			showEnvVarsInLog = 0;
		};
/* End PBXShellScriptBuildPhase section */

/* Begin PBXSourcesBuildPhase section */
		768803F326593A20000DBF13 /* Sources */ = {
			isa = PBXSourcesBuildPhase;
			buildActionMask = 2147483647;
			files = (
				768803FF26593A20000DBF13 /* ViewController.swift in Sources */,
				769B7E6F26678058002228B6 /* TaskHandler.swift in Sources */,
				76ECD278266BDD5E002BC6D7 /* ChildTask.swift in Sources */,
				769B7E712667D312002228B6 /* GlobalExtensions.swift in Sources */,
				769B7DEF2666A08B002228B6 /* PopOverTimePickerViewController.swift in Sources */,
				764292702666438C00A14DA9 /* PopOverCalendarViewController.swift in Sources */,
				76ECD276266B8070002BC6D7 /* EditTaskViewController.swift in Sources */,
				767FB10A267AA31F00B815F8 /* CustomFloatingPanelLayout.swift in Sources */,
				76824150265A82FC00135BB6 /* AddTaskViewController.swift in Sources */,
				76ECD27A266BDE43002BC6D7 /* ParentTask.swift in Sources */,
				768803FB26593A20000DBF13 /* AppDelegate.swift in Sources */,
				76824156265AA5D000135BB6 /* PreviewCalendarCell.swift in Sources */,
				768240FF265A43F000135BB6 /* TaskViewController.swift in Sources */,
				7682414D265A79EA00135BB6 /* TaskItemCell.swift in Sources */,
				7688040526593A20000DBF13 /* EbbinghausPlanner.xcdatamodeld in Sources */,
				768803FD26593A20000DBF13 /* SceneDelegate.swift in Sources */,
			);
			runOnlyForDeploymentPostprocessing = 0;
		};
		7688040C26593A22000DBF13 /* Sources */ = {
			isa = PBXSourcesBuildPhase;
			buildActionMask = 2147483647;
			files = (
				7688041526593A22000DBF13 /* EbbinghausPlannerTests.swift in Sources */,
			);
			runOnlyForDeploymentPostprocessing = 0;
		};
		7688041726593A22000DBF13 /* Sources */ = {
			isa = PBXSourcesBuildPhase;
			buildActionMask = 2147483647;
			files = (
				7688042026593A22000DBF13 /* EbbinghausPlannerUITests.swift in Sources */,
			);
			runOnlyForDeploymentPostprocessing = 0;
		};
/* End PBXSourcesBuildPhase section */

/* Begin PBXTargetDependency section */
		7688041226593A22000DBF13 /* PBXTargetDependency */ = {
			isa = PBXTargetDependency;
			target = 768803F626593A20000DBF13 /* EbbinghausPlanner */;
			targetProxy = 7688041126593A22000DBF13 /* PBXContainerItemProxy */;
		};
		7688041D26593A22000DBF13 /* PBXTargetDependency */ = {
			isa = PBXTargetDependency;
			target = 768803F626593A20000DBF13 /* EbbinghausPlanner */;
			targetProxy = 7688041C26593A22000DBF13 /* PBXContainerItemProxy */;
		};
/* End PBXTargetDependency section */

/* Begin PBXVariantGroup section */
		7688040026593A20000DBF13 /* Main.storyboard */ = {
			isa = PBXVariantGroup;
			children = (
				7688040126593A20000DBF13 /* Base */,
			);
			name = Main.storyboard;
			sourceTree = "<group>";
		};
		7688040826593A22000DBF13 /* LaunchScreen.storyboard */ = {
			isa = PBXVariantGroup;
			children = (
				7688040926593A22000DBF13 /* Base */,
			);
			name = LaunchScreen.storyboard;
			sourceTree = "<group>";
		};
/* End PBXVariantGroup section */

/* Begin XCBuildConfiguration section */
		7688042226593A22000DBF13 /* Debug */ = {
			isa = XCBuildConfiguration;
			buildSettings = {
				ALWAYS_SEARCH_USER_PATHS = NO;
				CLANG_ANALYZER_NONNULL = YES;
				CLANG_ANALYZER_NUMBER_OBJECT_CONVERSION = YES_AGGRESSIVE;
				CLANG_CXX_LANGUAGE_STANDARD = "gnu++14";
				CLANG_CXX_LIBRARY = "libc++";
				CLANG_ENABLE_MODULES = YES;
				CLANG_ENABLE_OBJC_ARC = YES;
				CLANG_ENABLE_OBJC_WEAK = YES;
				CLANG_WARN_BLOCK_CAPTURE_AUTORELEASING = YES;
				CLANG_WARN_BOOL_CONVERSION = YES;
				CLANG_WARN_COMMA = YES;
				CLANG_WARN_CONSTANT_CONVERSION = YES;
				CLANG_WARN_DEPRECATED_OBJC_IMPLEMENTATIONS = YES;
				CLANG_WARN_DIRECT_OBJC_ISA_USAGE = YES_ERROR;
				CLANG_WARN_DOCUMENTATION_COMMENTS = YES;
				CLANG_WARN_EMPTY_BODY = YES;
				CLANG_WARN_ENUM_CONVERSION = YES;
				CLANG_WARN_INFINITE_RECURSION = YES;
				CLANG_WARN_INT_CONVERSION = YES;
				CLANG_WARN_NON_LITERAL_NULL_CONVERSION = YES;
				CLANG_WARN_OBJC_IMPLICIT_RETAIN_SELF = YES;
				CLANG_WARN_OBJC_LITERAL_CONVERSION = YES;
				CLANG_WARN_OBJC_ROOT_CLASS = YES_ERROR;
				CLANG_WARN_QUOTED_INCLUDE_IN_FRAMEWORK_HEADER = YES;
				CLANG_WARN_RANGE_LOOP_ANALYSIS = YES;
				CLANG_WARN_STRICT_PROTOTYPES = YES;
				CLANG_WARN_SUSPICIOUS_MOVE = YES;
				CLANG_WARN_UNGUARDED_AVAILABILITY = YES_AGGRESSIVE;
				CLANG_WARN_UNREACHABLE_CODE = YES;
				CLANG_WARN__DUPLICATE_METHOD_MATCH = YES;
				COPY_PHASE_STRIP = NO;
				DEBUG_INFORMATION_FORMAT = dwarf;
				ENABLE_STRICT_OBJC_MSGSEND = YES;
				ENABLE_TESTABILITY = YES;
				GCC_C_LANGUAGE_STANDARD = gnu11;
				GCC_DYNAMIC_NO_PIC = NO;
				GCC_NO_COMMON_BLOCKS = YES;
				GCC_OPTIMIZATION_LEVEL = 0;
				GCC_PREPROCESSOR_DEFINITIONS = (
					"DEBUG=1",
					"$(inherited)",
				);
				GCC_WARN_64_TO_32_BIT_CONVERSION = YES;
				GCC_WARN_ABOUT_RETURN_TYPE = YES_ERROR;
				GCC_WARN_UNDECLARED_SELECTOR = YES;
				GCC_WARN_UNINITIALIZED_AUTOS = YES_AGGRESSIVE;
				GCC_WARN_UNUSED_FUNCTION = YES;
				GCC_WARN_UNUSED_VARIABLE = YES;
				IPHONEOS_DEPLOYMENT_TARGET = 14.5;
				MTL_ENABLE_DEBUG_INFO = INCLUDE_SOURCE;
				MTL_FAST_MATH = YES;
				ONLY_ACTIVE_ARCH = YES;
				SDKROOT = iphoneos;
				SWIFT_ACTIVE_COMPILATION_CONDITIONS = DEBUG;
				SWIFT_OPTIMIZATION_LEVEL = "-Onone";
			};
			name = Debug;
		};
		7688042326593A22000DBF13 /* Release */ = {
			isa = XCBuildConfiguration;
			buildSettings = {
				ALWAYS_SEARCH_USER_PATHS = NO;
				CLANG_ANALYZER_NONNULL = YES;
				CLANG_ANALYZER_NUMBER_OBJECT_CONVERSION = YES_AGGRESSIVE;
				CLANG_CXX_LANGUAGE_STANDARD = "gnu++14";
				CLANG_CXX_LIBRARY = "libc++";
				CLANG_ENABLE_MODULES = YES;
				CLANG_ENABLE_OBJC_ARC = YES;
				CLANG_ENABLE_OBJC_WEAK = YES;
				CLANG_WARN_BLOCK_CAPTURE_AUTORELEASING = YES;
				CLANG_WARN_BOOL_CONVERSION = YES;
				CLANG_WARN_COMMA = YES;
				CLANG_WARN_CONSTANT_CONVERSION = YES;
				CLANG_WARN_DEPRECATED_OBJC_IMPLEMENTATIONS = YES;
				CLANG_WARN_DIRECT_OBJC_ISA_USAGE = YES_ERROR;
				CLANG_WARN_DOCUMENTATION_COMMENTS = YES;
				CLANG_WARN_EMPTY_BODY = YES;
				CLANG_WARN_ENUM_CONVERSION = YES;
				CLANG_WARN_INFINITE_RECURSION = YES;
				CLANG_WARN_INT_CONVERSION = YES;
				CLANG_WARN_NON_LITERAL_NULL_CONVERSION = YES;
				CLANG_WARN_OBJC_IMPLICIT_RETAIN_SELF = YES;
				CLANG_WARN_OBJC_LITERAL_CONVERSION = YES;
				CLANG_WARN_OBJC_ROOT_CLASS = YES_ERROR;
				CLANG_WARN_QUOTED_INCLUDE_IN_FRAMEWORK_HEADER = YES;
				CLANG_WARN_RANGE_LOOP_ANALYSIS = YES;
				CLANG_WARN_STRICT_PROTOTYPES = YES;
				CLANG_WARN_SUSPICIOUS_MOVE = YES;
				CLANG_WARN_UNGUARDED_AVAILABILITY = YES_AGGRESSIVE;
				CLANG_WARN_UNREACHABLE_CODE = YES;
				CLANG_WARN__DUPLICATE_METHOD_MATCH = YES;
				COPY_PHASE_STRIP = NO;
				DEBUG_INFORMATION_FORMAT = "dwarf-with-dsym";
				ENABLE_NS_ASSERTIONS = NO;
				ENABLE_STRICT_OBJC_MSGSEND = YES;
				GCC_C_LANGUAGE_STANDARD = gnu11;
				GCC_NO_COMMON_BLOCKS = YES;
				GCC_WARN_64_TO_32_BIT_CONVERSION = YES;
				GCC_WARN_ABOUT_RETURN_TYPE = YES_ERROR;
				GCC_WARN_UNDECLARED_SELECTOR = YES;
				GCC_WARN_UNINITIALIZED_AUTOS = YES_AGGRESSIVE;
				GCC_WARN_UNUSED_FUNCTION = YES;
				GCC_WARN_UNUSED_VARIABLE = YES;
				IPHONEOS_DEPLOYMENT_TARGET = 14.5;
				MTL_ENABLE_DEBUG_INFO = NO;
				MTL_FAST_MATH = YES;
				SDKROOT = iphoneos;
				SWIFT_COMPILATION_MODE = wholemodule;
				SWIFT_OPTIMIZATION_LEVEL = "-O";
				VALIDATE_PRODUCT = YES;
			};
			name = Release;
		};
		7688042526593A22000DBF13 /* Debug */ = {
			isa = XCBuildConfiguration;
			baseConfigurationReference = D8D7787D86BF170D7267EC4C /* Pods-EbbinghausPlanner.debug.xcconfig */;
			buildSettings = {
				ASSETCATALOG_COMPILER_APPICON_NAME = AppIcon;
				ASSETCATALOG_COMPILER_GLOBAL_ACCENT_COLOR_NAME = AccentColor;
				CODE_SIGN_STYLE = Automatic;
				DEVELOPMENT_TEAM = 497P4L97SV;
				INFOPLIST_FILE = EbbinghausPlanner/Info.plist;
				IPHONEOS_DEPLOYMENT_TARGET = 13.0;
				LD_RUNPATH_SEARCH_PATHS = (
					"$(inherited)",
					"@executable_path/Frameworks",
				);
				MARKETING_VERSION = 0.1.0;
				PRODUCT_BUNDLE_IDENTIFIER = com.MuffinLabs.EbbinghausPlanner;
				PRODUCT_NAME = "$(TARGET_NAME)";
				SWIFT_VERSION = 5.0;
				TARGETED_DEVICE_FAMILY = "1,2";
			};
			name = Debug;
		};
		7688042626593A22000DBF13 /* Release */ = {
			isa = XCBuildConfiguration;
			baseConfigurationReference = 67A18FB5BD2824573ACC95C2 /* Pods-EbbinghausPlanner.release.xcconfig */;
			buildSettings = {
				ASSETCATALOG_COMPILER_APPICON_NAME = AppIcon;
				ASSETCATALOG_COMPILER_GLOBAL_ACCENT_COLOR_NAME = AccentColor;
				CODE_SIGN_STYLE = Automatic;
				DEVELOPMENT_TEAM = 497P4L97SV;
				INFOPLIST_FILE = EbbinghausPlanner/Info.plist;
				IPHONEOS_DEPLOYMENT_TARGET = 13.0;
				LD_RUNPATH_SEARCH_PATHS = (
					"$(inherited)",
					"@executable_path/Frameworks",
				);
				MARKETING_VERSION = 0.1.0;
				PRODUCT_BUNDLE_IDENTIFIER = com.MuffinLabs.EbbinghausPlanner;
				PRODUCT_NAME = "$(TARGET_NAME)";
				SWIFT_VERSION = 5.0;
				TARGETED_DEVICE_FAMILY = "1,2";
			};
			name = Release;
		};
		7688042826593A22000DBF13 /* Debug */ = {
			isa = XCBuildConfiguration;
			baseConfigurationReference = 1B895EDBFAA2DF86CE3F84F7 /* Pods-EbbinghausPlannerTests.debug.xcconfig */;
			buildSettings = {
				ALWAYS_EMBED_SWIFT_STANDARD_LIBRARIES = YES;
				BUNDLE_LOADER = "$(TEST_HOST)";
				CODE_SIGN_STYLE = Automatic;
				DEVELOPMENT_TEAM = 497P4L97SV;
				INFOPLIST_FILE = EbbinghausPlannerTests/Info.plist;
				IPHONEOS_DEPLOYMENT_TARGET = 14.5;
				LD_RUNPATH_SEARCH_PATHS = (
					"$(inherited)",
					"@executable_path/Frameworks",
					"@loader_path/Frameworks",
				);
				PRODUCT_BUNDLE_IDENTIFIER = com.MuffinLabs.EbbinghausPlannerTests;
				PRODUCT_NAME = "$(TARGET_NAME)";
				SWIFT_VERSION = 5.0;
				TARGETED_DEVICE_FAMILY = "1,2";
				TEST_HOST = "$(BUILT_PRODUCTS_DIR)/EbbinghausPlanner.app/EbbinghausPlanner";
			};
			name = Debug;
		};
		7688042926593A22000DBF13 /* Release */ = {
			isa = XCBuildConfiguration;
			baseConfigurationReference = 015908CE9542D07FB08AA4C1 /* Pods-EbbinghausPlannerTests.release.xcconfig */;
			buildSettings = {
				ALWAYS_EMBED_SWIFT_STANDARD_LIBRARIES = YES;
				BUNDLE_LOADER = "$(TEST_HOST)";
				CODE_SIGN_STYLE = Automatic;
				DEVELOPMENT_TEAM = 497P4L97SV;
				INFOPLIST_FILE = EbbinghausPlannerTests/Info.plist;
				IPHONEOS_DEPLOYMENT_TARGET = 14.5;
				LD_RUNPATH_SEARCH_PATHS = (
					"$(inherited)",
					"@executable_path/Frameworks",
					"@loader_path/Frameworks",
				);
				PRODUCT_BUNDLE_IDENTIFIER = com.MuffinLabs.EbbinghausPlannerTests;
				PRODUCT_NAME = "$(TARGET_NAME)";
				SWIFT_VERSION = 5.0;
				TARGETED_DEVICE_FAMILY = "1,2";
				TEST_HOST = "$(BUILT_PRODUCTS_DIR)/EbbinghausPlanner.app/EbbinghausPlanner";
			};
			name = Release;
		};
		7688042B26593A22000DBF13 /* Debug */ = {
			isa = XCBuildConfiguration;
			baseConfigurationReference = D5AF160D2243E3C56FF16E33 /* Pods-EbbinghausPlanner-EbbinghausPlannerUITests.debug.xcconfig */;
			buildSettings = {
				ALWAYS_EMBED_SWIFT_STANDARD_LIBRARIES = YES;
				CODE_SIGN_STYLE = Automatic;
				DEVELOPMENT_TEAM = 497P4L97SV;
				INFOPLIST_FILE = EbbinghausPlannerUITests/Info.plist;
				LD_RUNPATH_SEARCH_PATHS = (
					"$(inherited)",
					"@executable_path/Frameworks",
					"@loader_path/Frameworks",
				);
				PRODUCT_BUNDLE_IDENTIFIER = com.MuffinLabs.EbbinghausPlannerUITests;
				PRODUCT_NAME = "$(TARGET_NAME)";
				SWIFT_VERSION = 5.0;
				TARGETED_DEVICE_FAMILY = "1,2";
				TEST_TARGET_NAME = EbbinghausPlanner;
			};
			name = Debug;
		};
		7688042C26593A22000DBF13 /* Release */ = {
			isa = XCBuildConfiguration;
			baseConfigurationReference = 2D9EBD4D8CC73482FA891D82 /* Pods-EbbinghausPlanner-EbbinghausPlannerUITests.release.xcconfig */;
			buildSettings = {
				ALWAYS_EMBED_SWIFT_STANDARD_LIBRARIES = YES;
				CODE_SIGN_STYLE = Automatic;
				DEVELOPMENT_TEAM = 497P4L97SV;
				INFOPLIST_FILE = EbbinghausPlannerUITests/Info.plist;
				LD_RUNPATH_SEARCH_PATHS = (
					"$(inherited)",
					"@executable_path/Frameworks",
					"@loader_path/Frameworks",
				);
				PRODUCT_BUNDLE_IDENTIFIER = com.MuffinLabs.EbbinghausPlannerUITests;
				PRODUCT_NAME = "$(TARGET_NAME)";
				SWIFT_VERSION = 5.0;
				TARGETED_DEVICE_FAMILY = "1,2";
				TEST_TARGET_NAME = EbbinghausPlanner;
			};
			name = Release;
		};
/* End XCBuildConfiguration section */

/* Begin XCConfigurationList section */
		768803F226593A20000DBF13 /* Build configuration list for PBXProject "EbbinghausPlanner" */ = {
			isa = XCConfigurationList;
			buildConfigurations = (
				7688042226593A22000DBF13 /* Debug */,
				7688042326593A22000DBF13 /* Release */,
			);
			defaultConfigurationIsVisible = 0;
			defaultConfigurationName = Release;
		};
		7688042426593A22000DBF13 /* Build configuration list for PBXNativeTarget "EbbinghausPlanner" */ = {
			isa = XCConfigurationList;
			buildConfigurations = (
				7688042526593A22000DBF13 /* Debug */,
				7688042626593A22000DBF13 /* Release */,
			);
			defaultConfigurationIsVisible = 0;
			defaultConfigurationName = Release;
		};
		7688042726593A22000DBF13 /* Build configuration list for PBXNativeTarget "EbbinghausPlannerTests" */ = {
			isa = XCConfigurationList;
			buildConfigurations = (
				7688042826593A22000DBF13 /* Debug */,
				7688042926593A22000DBF13 /* Release */,
			);
			defaultConfigurationIsVisible = 0;
			defaultConfigurationName = Release;
		};
		7688042A26593A22000DBF13 /* Build configuration list for PBXNativeTarget "EbbinghausPlannerUITests" */ = {
			isa = XCConfigurationList;
			buildConfigurations = (
				7688042B26593A22000DBF13 /* Debug */,
				7688042C26593A22000DBF13 /* Release */,
			);
			defaultConfigurationIsVisible = 0;
			defaultConfigurationName = Release;
		};
/* End XCConfigurationList section */

/* Begin XCVersionGroup section */
		7688040326593A20000DBF13 /* EbbinghausPlanner.xcdatamodeld */ = {
			isa = XCVersionGroup;
			children = (
				7688040426593A20000DBF13 /* EbbinghausPlanner.xcdatamodel */,
			);
			currentVersion = 7688040426593A20000DBF13 /* EbbinghausPlanner.xcdatamodel */;
			path = EbbinghausPlanner.xcdatamodeld;
			sourceTree = "<group>";
			versionGroupType = wrapper.xcdatamodel;
		};
/* End XCVersionGroup section */
	};
	rootObject = 768803EF26593A20000DBF13 /* Project object */;
}
